
Microsoft Visual Studio Solution File, Format Version 12.00
# Visual Studio Version 17
VisualStudioVersion = 17.9.34728.123
MinimumVisualStudioVersion = 10.0.40219.1
Project("{9A19103F-16F7-4668-BE54-9A1E7A4F7556}") = "Walks.API", "Walks.API\Walks.API.csproj", "{4DB3F3A9-F9AF-4844-AA3F-2451C18F190F}"
EndProject
Project("{FAE04EC0-301F-11D3-BF4B-00C04F79EFBC}") = "Walks.UI", "Walks.UI\Walks.UI.csproj", "{8169896B-8479-4C75-A4E9-6FD86BE6699B}"
EndProject
Global
	GlobalSection(SolutionConfigurationPlatforms) = preSolution
		Debug|Any CPU = Debug|Any CPU
		Release|Any CPU = Release|Any CPU
	EndGlobalSection
	GlobalSection(ProjectConfigurationPlatforms) = postSolution
		{4DB3F3A9-F9AF-4844-AA3F-2451C18F190F}.Debug|Any CPU.ActiveCfg = Debug|Any CPU
		{4DB3F3A9-F9AF-4844-AA3F-2451C18F190F}.Debug|Any CPU.Build.0 = Debug|Any CPU
		{4DB3F3A9-F9AF-4844-AA3F-2451C18F190F}.Release|Any CPU.ActiveCfg = Release|Any CPU
		{4DB3F3A9-F9AF-4844-AA3F-2451C18F190F}.Release|Any CPU.Build.0 = Release|Any CPU
		{8169896B-8479-4C75-A4E9-6FD86BE6699B}.Debug|Any CPU.ActiveCfg = Debug|Any CPU
		{8169896B-8479-4C75-A4E9-6FD86BE6699B}.Debug|Any CPU.Build.0 = Debug|Any CPU
		{8169896B-8479-4C75-A4E9-6FD86BE6699B}.Release|Any CPU.ActiveCfg = Release|Any CPU
		{8169896B-8479-4C75-A4E9-6FD86BE6699B}.Release|Any CPU.Build.0 = Release|Any CPU
	EndGlobalSection
	GlobalSection(SolutionProperties) = preSolution
		HideSolutionNode = FALSE
	EndGlobalSection
	GlobalSection(ExtensibilityGlobals) = postSolution
		SolutionGuid = {19148DD7-B3FD-488F-80FB-A1F04577D7F1}
	EndGlobalSection
EndGlobal
